
Microsoft Visual Studio Solution File, Format Version 11.00
# Visual Studio 2012
Project("{8BC9CEB8-8B4A-11D0-8D11-00A0C91BC942}") = "SynchroniseThread", "SynchroniseThread_2012.vcxproj", "{0A4EB3ED-A57C-48C1-920D-FB47D7A486CC}"
EndProject
Global
	GlobalSection(SolutionConfigurationPlatforms) = preSolution
		Debug|Win32 = Debug|Win32
		Release|Win32 = Release|Win32
	EndGlobalSection
	GlobalSection(ProjectConfigurationPlatforms) = postSolution
		{0A4EB3ED-A57C-48C1-920D-FB47D7A486CC}.Debug|Win32.ActiveCfg = Debug|Win32
		{0A4EB3ED-A57C-48C1-920D-FB47D7A486CC}.Debug|Win32.Build.0 = Debug|Win32
		{0A4EB3ED-A57C-48C1-920D-FB47D7A486CC}.Release|Win32.ActiveCfg = Release|Win32
		{0A4EB3ED-A57C-48C1-920D-FB47D7A486CC}.Release|Win32.Build.0 = Release|Win32
	EndGlobalSection
	GlobalSection(SolutionProperties) = preSolution
		HideSolutionNode = FALSE
	EndGlobalSection
EndGlobal
